// !$*UTF8*$!
{
	archiveVersion = 1;
	classes = {
	};
	objectVersion = 56;
	objects = {

/* Begin PBXBuildFile section */
		F66E99BB2BB14627001C3882 /* biteApp.swift in Sources */ = {isa = PBXBuildFile; fileRef = F66E99BA2BB14627001C3882 /* biteApp.swift */; };
		F66E99BD2BB14627001C3882 /* ContentView.swift in Sources */ = {isa = PBXBuildFile; fileRef = F66E99BC2BB14627001C3882 /* ContentView.swift */; };
		F66E99BF2BB14628001C3882 /* Assets.xcassets in Resources */ = {isa = PBXBuildFile; fileRef = F66E99BE2BB14628001C3882 /* Assets.xcassets */; };
		F66E99C22BB14628001C3882 /* Preview Assets.xcassets in Resources */ = {isa = PBXBuildFile; fileRef = F66E99C12BB14628001C3882 /* Preview Assets.xcassets */; };
		F66E99CC2BB14629001C3882 /* biteTests.swift in Sources */ = {isa = PBXBuildFile; fileRef = F66E99CB2BB14629001C3882 /* biteTests.swift */; };
		F66E99D62BB14629001C3882 /* biteUITests.swift in Sources */ = {isa = PBXBuildFile; fileRef = F66E99D52BB14629001C3882 /* biteUITests.swift */; };
		F66E99D82BB14629001C3882 /* biteUITestsLaunchTests.swift in Sources */ = {isa = PBXBuildFile; fileRef = F66E99D72BB14629001C3882 /* biteUITestsLaunchTests.swift */; };
		F66E99E52BB14836001C3882 /* SignInWithAppleView.swift in Sources */ = {isa = PBXBuildFile; fileRef = F66E99E42BB14836001C3882 /* SignInWithAppleView.swift */; };
		F66E99E72BB14956001C3882 /* DashboardView.swift in Sources */ = {isa = PBXBuildFile; fileRef = F66E99E62BB14956001C3882 /* DashboardView.swift */; };
		F66E99EB2BB1FD3A001C3882 /* LoginView.swift in Sources */ = {isa = PBXBuildFile; fileRef = F66E99EA2BB1FD3A001C3882 /* LoginView.swift */; };
		F66E99ED2BB1FD70001C3882 /* AuthViewModel.swift in Sources */ = {isa = PBXBuildFile; fileRef = F66E99EC2BB1FD70001C3882 /* AuthViewModel.swift */; };
		F66E99EF2BB216A7001C3882 /* posts.json in Resources */ = {isa = PBXBuildFile; fileRef = F66E99EE2BB216A7001C3882 /* posts.json */; };
		F66E99F32BB216FC001C3882 /* FetchDataJson.swift in Sources */ = {isa = PBXBuildFile; fileRef = F66E99F22BB216FC001C3882 /* FetchDataJson.swift */; };
		F66E99F62BB21859001C3882 /* postcard.swift in Sources */ = {isa = PBXBuildFile; fileRef = F66E99F52BB21859001C3882 /* postcard.swift */; };
		F66E99F82BB2187E001C3882 /* postcardheader.swift in Sources */ = {isa = PBXBuildFile; fileRef = F66E99F72BB2187E001C3882 /* postcardheader.swift */; };
		F66E99FA2BB21889001C3882 /* postcardbody.swift in Sources */ = {isa = PBXBuildFile; fileRef = F66E99F92BB21889001C3882 /* postcardbody.swift */; };
		F66E99FD2BB2275C001C3882 /* Extensions.swift in Sources */ = {isa = PBXBuildFile; fileRef = F66E99FC2BB2275C001C3882 /* Extensions.swift */; };
		F66E99FF2BB22CAF001C3882 /* PostListView.swift in Sources */ = {isa = PBXBuildFile; fileRef = F66E99FE2BB22CAF001C3882 /* PostListView.swift */; };
/* End PBXBuildFile section */

/* Begin PBXContainerItemProxy section */
		F66E99C82BB14629001C3882 /* PBXContainerItemProxy */ = {
			isa = PBXContainerItemProxy;
			containerPortal = F66E99AF2BB14627001C3882 /* Project object */;
			proxyType = 1;
			remoteGlobalIDString = F66E99B62BB14627001C3882;
			remoteInfo = bite;
		};
		F66E99D22BB14629001C3882 /* PBXContainerItemProxy */ = {
			isa = PBXContainerItemProxy;
			containerPortal = F66E99AF2BB14627001C3882 /* Project object */;
			proxyType = 1;
			remoteGlobalIDString = F66E99B62BB14627001C3882;
			remoteInfo = bite;
		};
/* End PBXContainerItemProxy section */

/* Begin PBXFileReference section */
		F66E99B72BB14627001C3882 /* bite.app */ = {isa = PBXFileReference; explicitFileType = wrapper.application; includeInIndex = 0; path = bite.app; sourceTree = BUILT_PRODUCTS_DIR; };
		F66E99BA2BB14627001C3882 /* biteApp.swift */ = {isa = PBXFileReference; lastKnownFileType = sourcecode.swift; path = biteApp.swift; sourceTree = "<group>"; };
		F66E99BC2BB14627001C3882 /* ContentView.swift */ = {isa = PBXFileReference; lastKnownFileType = sourcecode.swift; path = ContentView.swift; sourceTree = "<group>"; };
		F66E99BE2BB14628001C3882 /* Assets.xcassets */ = {isa = PBXFileReference; lastKnownFileType = folder.assetcatalog; path = Assets.xcassets; sourceTree = "<group>"; };
		F66E99C12BB14628001C3882 /* Preview Assets.xcassets */ = {isa = PBXFileReference; lastKnownFileType = folder.assetcatalog; path = "Preview Assets.xcassets"; sourceTree = "<group>"; };
		F66E99C72BB14629001C3882 /* biteTests.xctest */ = {isa = PBXFileReference; explicitFileType = wrapper.cfbundle; includeInIndex = 0; path = biteTests.xctest; sourceTree = BUILT_PRODUCTS_DIR; };
		F66E99CB2BB14629001C3882 /* biteTests.swift */ = {isa = PBXFileReference; lastKnownFileType = sourcecode.swift; path = biteTests.swift; sourceTree = "<group>"; };
		F66E99D12BB14629001C3882 /* biteUITests.xctest */ = {isa = PBXFileReference; explicitFileType = wrapper.cfbundle; includeInIndex = 0; path = biteUITests.xctest; sourceTree = BUILT_PRODUCTS_DIR; };
		F66E99D52BB14629001C3882 /* biteUITests.swift */ = {isa = PBXFileReference; lastKnownFileType = sourcecode.swift; path = biteUITests.swift; sourceTree = "<group>"; };
		F66E99D72BB14629001C3882 /* biteUITestsLaunchTests.swift */ = {isa = PBXFileReference; lastKnownFileType = sourcecode.swift; path = biteUITestsLaunchTests.swift; sourceTree = "<group>"; };
		F66E99E42BB14836001C3882 /* SignInWithAppleView.swift */ = {isa = PBXFileReference; lastKnownFileType = sourcecode.swift; path = SignInWithAppleView.swift; sourceTree = "<group>"; };
		F66E99E62BB14956001C3882 /* DashboardView.swift */ = {isa = PBXFileReference; lastKnownFileType = sourcecode.swift; path = DashboardView.swift; sourceTree = "<group>"; };
		F66E99EA2BB1FD3A001C3882 /* LoginView.swift */ = {isa = PBXFileReference; lastKnownFileType = sourcecode.swift; path = LoginView.swift; sourceTree = "<group>"; };
		F66E99EC2BB1FD70001C3882 /* AuthViewModel.swift */ = {isa = PBXFileReference; lastKnownFileType = sourcecode.swift; path = AuthViewModel.swift; sourceTree = "<group>"; };
		F66E99EE2BB216A7001C3882 /* posts.json */ = {isa = PBXFileReference; lastKnownFileType = text.json; path = posts.json; sourceTree = "<group>"; };
		F66E99F22BB216FC001C3882 /* FetchDataJson.swift */ = {isa = PBXFileReference; lastKnownFileType = sourcecode.swift; path = FetchDataJson.swift; sourceTree = "<group>"; };
		F66E99F52BB21859001C3882 /* postcard.swift */ = {isa = PBXFileReference; lastKnownFileType = sourcecode.swift; path = postcard.swift; sourceTree = "<group>"; };
		F66E99F72BB2187E001C3882 /* postcardheader.swift */ = {isa = PBXFileReference; lastKnownFileType = sourcecode.swift; path = postcardheader.swift; sourceTree = "<group>"; };
		F66E99F92BB21889001C3882 /* postcardbody.swift */ = {isa = PBXFileReference; lastKnownFileType = sourcecode.swift; path = postcardbody.swift; sourceTree = "<group>"; };
		F66E99FC2BB2275C001C3882 /* Extensions.swift */ = {isa = PBXFileReference; lastKnownFileType = sourcecode.swift; path = Extensions.swift; sourceTree = "<group>"; };
		F66E99FE2BB22CAF001C3882 /* PostListView.swift */ = {isa = PBXFileReference; lastKnownFileType = sourcecode.swift; path = PostListView.swift; sourceTree = "<group>"; };
/* End PBXFileReference section */

/* Begin PBXFrameworksBuildPhase section */
		F66E99B42BB14627001C3882 /* Frameworks */ = {
			isa = PBXFrameworksBuildPhase;
			buildActionMask = 2147483647;
			files = (
			);
			runOnlyForDeploymentPostprocessing = 0;
		};
		F66E99C42BB14629001C3882 /* Frameworks */ = {
			isa = PBXFrameworksBuildPhase;
			buildActionMask = 2147483647;
			files = (
			);
			runOnlyForDeploymentPostprocessing = 0;
		};
		F66E99CE2BB14629001C3882 /* Frameworks */ = {
			isa = PBXFrameworksBuildPhase;
			buildActionMask = 2147483647;
			files = (
			);
			runOnlyForDeploymentPostprocessing = 0;
		};
/* End PBXFrameworksBuildPhase section */

/* Begin PBXGroup section */
		F66E99AE2BB14627001C3882 = {
			isa = PBXGroup;
			children = (
				F66E99B92BB14627001C3882 /* bite */,
				F66E99CA2BB14629001C3882 /* biteTests */,
				F66E99D42BB14629001C3882 /* biteUITests */,
				F66E99B82BB14627001C3882 /* Products */,
			);
			sourceTree = "<group>";
		};
		F66E99B82BB14627001C3882 /* Products */ = {
			isa = PBXGroup;
			children = (
				F66E99B72BB14627001C3882 /* bite.app */,
				F66E99C72BB14629001C3882 /* biteTests.xctest */,
				F66E99D12BB14629001C3882 /* biteUITests.xctest */,
			);
			name = Products;
			sourceTree = "<group>";
		};
		F66E99B92BB14627001C3882 /* bite */ = {
			isa = PBXGroup;
			children = (
				F66E99F42BB2182A001C3882 /* components */,
				F66E99BA2BB14627001C3882 /* biteApp.swift */,
				F66E99BC2BB14627001C3882 /* ContentView.swift */,
				F66E99E42BB14836001C3882 /* SignInWithAppleView.swift */,
				F66E99EA2BB1FD3A001C3882 /* LoginView.swift */,
				F66E99EC2BB1FD70001C3882 /* AuthViewModel.swift */,
				F66E99EE2BB216A7001C3882 /* posts.json */,
				F66E99F22BB216FC001C3882 /* FetchDataJson.swift */,
				F66E99BE2BB14628001C3882 /* Assets.xcassets */,
				F66E99C02BB14628001C3882 /* Preview Content */,
				F66E99E62BB14956001C3882 /* DashboardView.swift */,
				F66E99FC2BB2275C001C3882 /* Extensions.swift */,
			);
			path = bite;
			sourceTree = "<group>";
		};
		F66E99C02BB14628001C3882 /* Preview Content */ = {
			isa = PBXGroup;
			children = (
				F66E99C12BB14628001C3882 /* Preview Assets.xcassets */,
			);
			path = "Preview Content";
			sourceTree = "<group>";
		};
		F66E99CA2BB14629001C3882 /* biteTests */ = {
			isa = PBXGroup;
			children = (
				F66E99CB2BB14629001C3882 /* biteTests.swift */,
			);
			path = biteTests;
			sourceTree = "<group>";
		};
		F66E99D42BB14629001C3882 /* biteUITests */ = {
			isa = PBXGroup;
			children = (
				F66E99D52BB14629001C3882 /* biteUITests.swift */,
				F66E99D72BB14629001C3882 /* biteUITestsLaunchTests.swift */,
			);
			path = biteUITests;
			sourceTree = "<group>";
		};
		F66E99F42BB2182A001C3882 /* components */ = {
			isa = PBXGroup;
			children = (
				F66E99F52BB21859001C3882 /* postcard.swift */,
				F66E99F72BB2187E001C3882 /* postcardheader.swift */,
				F66E99F92BB21889001C3882 /* postcardbody.swift */,
				F66E99FE2BB22CAF001C3882 /* PostListView.swift */,
			);
			path = components;
			sourceTree = "<group>";
		};
/* End PBXGroup section */

/* Begin PBXNativeTarget section */
		F66E99B62BB14627001C3882 /* bite */ = {
			isa = PBXNativeTarget;
			buildConfigurationList = F66E99DB2BB14629001C3882 /* Build configuration list for PBXNativeTarget "bite" */;
			buildPhases = (
				F66E99B32BB14627001C3882 /* Sources */,
				F66E99B42BB14627001C3882 /* Frameworks */,
				F66E99B52BB14627001C3882 /* Resources */,
			);
			buildRules = (
			);
			dependencies = (
			);
			name = bite;
			productName = bite;
			productReference = F66E99B72BB14627001C3882 /* bite.app */;
			productType = "com.apple.product-type.application";
		};
		F66E99C62BB14629001C3882 /* biteTests */ = {
			isa = PBXNativeTarget;
			buildConfigurationList = F66E99DE2BB14629001C3882 /* Build configuration list for PBXNativeTarget "biteTests" */;
			buildPhases = (
				F66E99C32BB14629001C3882 /* Sources */,
				F66E99C42BB14629001C3882 /* Frameworks */,
				F66E99C52BB14629001C3882 /* Resources */,
			);
			buildRules = (
			);
			dependencies = (
				F66E99C92BB14629001C3882 /* PBXTargetDependency */,
			);
			name = biteTests;
			productName = biteTests;
			productReference = F66E99C72BB14629001C3882 /* biteTests.xctest */;
			productType = "com.apple.product-type.bundle.unit-test";
		};
		F66E99D02BB14629001C3882 /* biteUITests */ = {
			isa = PBXNativeTarget;
			buildConfigurationList = F66E99E12BB14629001C3882 /* Build configuration list for PBXNativeTarget "biteUITests" */;
			buildPhases = (
				F66E99CD2BB14629001C3882 /* Sources */,
				F66E99CE2BB14629001C3882 /* Frameworks */,
				F66E99CF2BB14629001C3882 /* Resources */,
			);
			buildRules = (
			);
			dependencies = (
				F66E99D32BB14629001C3882 /* PBXTargetDependency */,
			);
			name = biteUITests;
			productName = biteUITests;
			productReference = F66E99D12BB14629001C3882 /* biteUITests.xctest */;
			productType = "com.apple.product-type.bundle.ui-testing";
		};
/* End PBXNativeTarget section */

/* Begin PBXProject section */
		F66E99AF2BB14627001C3882 /* Project object */ = {
			isa = PBXProject;
			attributes = {
				BuildIndependentTargetsInParallel = 1;
				LastSwiftUpdateCheck = 1430;
				LastUpgradeCheck = 1430;
				TargetAttributes = {
					F66E99B62BB14627001C3882 = {
						CreatedOnToolsVersion = 14.3.1;
					};
					F66E99C62BB14629001C3882 = {
						CreatedOnToolsVersion = 14.3.1;
						TestTargetID = F66E99B62BB14627001C3882;
					};
					F66E99D02BB14629001C3882 = {
						CreatedOnToolsVersion = 14.3.1;
						TestTargetID = F66E99B62BB14627001C3882;
					};
				};
			};
			buildConfigurationList = F66E99B22BB14627001C3882 /* Build configuration list for PBXProject "bite" */;
			compatibilityVersion = "Xcode 14.0";
			developmentRegion = en;
			hasScannedForEncodings = 0;
			knownRegions = (
				en,
				Base,
			);
			mainGroup = F66E99AE2BB14627001C3882;
			productRefGroup = F66E99B82BB14627001C3882 /* Products */;
			projectDirPath = "";
			projectRoot = "";
			targets = (
				F66E99B62BB14627001C3882 /* bite */,
				F66E99C62BB14629001C3882 /* biteTests */,
				F66E99D02BB14629001C3882 /* biteUITests */,
			);
		};
/* End PBXProject section */

/* Begin PBXResourcesBuildPhase section */
		F66E99B52BB14627001C3882 /* Resources */ = {
			isa = PBXResourcesBuildPhase;
			buildActionMask = 2147483647;
			files = (
				F66E99C22BB14628001C3882 /* Preview Assets.xcassets in Resources */,
				F66E99EF2BB216A7001C3882 /* posts.json in Resources */,
				F66E99BF2BB14628001C3882 /* Assets.xcassets in Resources */,
			);
			runOnlyForDeploymentPostprocessing = 0;
		};
		F66E99C52BB14629001C3882 /* Resources */ = {
			isa = PBXResourcesBuildPhase;
			buildActionMask = 2147483647;
			files = (
			);
			runOnlyForDeploymentPostprocessing = 0;
		};
		F66E99CF2BB14629001C3882 /* Resources */ = {
			isa = PBXResourcesBuildPhase;
			buildActionMask = 2147483647;
			files = (
			);
			runOnlyForDeploymentPostprocessing = 0;
		};
/* End PBXResourcesBuildPhase section */

/* Begin PBXSourcesBuildPhase section */
		F66E99B32BB14627001C3882 /* Sources */ = {
			isa = PBXSourcesBuildPhase;
			buildActionMask = 2147483647;
			files = (
				F66E99F82BB2187E001C3882 /* postcardheader.swift in Sources */,
				F66E99BD2BB14627001C3882 /* ContentView.swift in Sources */,
				F66E99F62BB21859001C3882 /* postcard.swift in Sources */,
				F66E99E72BB14956001C3882 /* DashboardView.swift in Sources */,
				F66E99ED2BB1FD70001C3882 /* AuthViewModel.swift in Sources */,
				F66E99BB2BB14627001C3882 /* biteApp.swift in Sources */,
				F66E99EB2BB1FD3A001C3882 /* LoginView.swift in Sources */,
				F66E99E52BB14836001C3882 /* SignInWithAppleView.swift in Sources */,
				F66E99F32BB216FC001C3882 /* FetchDataJson.swift in Sources */,
				F66E99FD2BB2275C001C3882 /* Extensions.swift in Sources */,
				F66E99FF2BB22CAF001C3882 /* PostListView.swift in Sources */,
				F66E99FA2BB21889001C3882 /* postcardbody.swift in Sources */,
			);
			runOnlyForDeploymentPostprocessing = 0;
		};
		F66E99C32BB14629001C3882 /* Sources */ = {
			isa = PBXSourcesBuildPhase;
			buildActionMask = 2147483647;
			files = (
				F66E99CC2BB14629001C3882 /* biteTests.swift in Sources */,
			);
			runOnlyForDeploymentPostprocessing = 0;
		};
		F66E99CD2BB14629001C3882 /* Sources */ = {
			isa = PBXSourcesBuildPhase;
			buildActionMask = 2147483647;
			files = (
				F66E99D82BB14629001C3882 /* biteUITestsLaunchTests.swift in Sources */,
				F66E99D62BB14629001C3882 /* biteUITests.swift in Sources */,
			);
			runOnlyForDeploymentPostprocessing = 0;
		};
/* End PBXSourcesBuildPhase section */

/* Begin PBXTargetDependency section */
		F66E99C92BB14629001C3882 /* PBXTargetDependency */ = {
			isa = PBXTargetDependency;
			target = F66E99B62BB14627001C3882 /* bite */;
			targetProxy = F66E99C82BB14629001C3882 /* PBXContainerItemProxy */;
		};
		F66E99D32BB14629001C3882 /* PBXTargetDependency */ = {
			isa = PBXTargetDependency;
			target = F66E99B62BB14627001C3882 /* bite */;
			targetProxy = F66E99D22BB14629001C3882 /* PBXContainerItemProxy */;
		};
/* End PBXTargetDependency section */

/* Begin XCBuildConfiguration section */
		F66E99D92BB14629001C3882 /* Debug */ = {
			isa = XCBuildConfiguration;
			buildSettings = {
				ALWAYS_SEARCH_USER_PATHS = NO;
				CLANG_ANALYZER_NONNULL = YES;
				CLANG_ANALYZER_NUMBER_OBJECT_CONVERSION = YES_AGGRESSIVE;
				CLANG_CXX_LANGUAGE_STANDARD = "gnu++20";
				CLANG_ENABLE_MODULES = YES;
				CLANG_ENABLE_OBJC_ARC = YES;
				CLANG_ENABLE_OBJC_WEAK = YES;
				CLANG_WARN_BLOCK_CAPTURE_AUTORELEASING = YES;
				CLANG_WARN_BOOL_CONVERSION = YES;
				CLANG_WARN_COMMA = YES;
				CLANG_WARN_CONSTANT_CONVERSION = YES;
				CLANG_WARN_DEPRECATED_OBJC_IMPLEMENTATIONS = YES;
				CLANG_WARN_DIRECT_OBJC_ISA_USAGE = YES_ERROR;
				CLANG_WARN_DOCUMENTATION_COMMENTS = YES;
				CLANG_WARN_EMPTY_BODY = YES;
				CLANG_WARN_ENUM_CONVERSION = YES;
				CLANG_WARN_INFINITE_RECURSION = YES;
				CLANG_WARN_INT_CONVERSION = YES;
				CLANG_WARN_NON_LITERAL_NULL_CONVERSION = YES;
				CLANG_WARN_OBJC_IMPLICIT_RETAIN_SELF = YES;
				CLANG_WARN_OBJC_LITERAL_CONVERSION = YES;
				CLANG_WARN_OBJC_ROOT_CLASS = YES_ERROR;
				CLANG_WARN_QUOTED_INCLUDE_IN_FRAMEWORK_HEADER = YES;
				CLANG_WARN_RANGE_LOOP_ANALYSIS = YES;
				CLANG_WARN_STRICT_PROTOTYPES = YES;
				CLANG_WARN_SUSPICIOUS_MOVE = YES;
				CLANG_WARN_UNGUARDED_AVAILABILITY = YES_AGGRESSIVE;
				CLANG_WARN_UNREACHABLE_CODE = YES;
				CLANG_WARN__DUPLICATE_METHOD_MATCH = YES;
				COPY_PHASE_STRIP = NO;
				DEBUG_INFORMATION_FORMAT = dwarf;
				ENABLE_STRICT_OBJC_MSGSEND = YES;
				ENABLE_TESTABILITY = YES;
				GCC_C_LANGUAGE_STANDARD = gnu11;
				GCC_DYNAMIC_NO_PIC = NO;
				GCC_NO_COMMON_BLOCKS = YES;
				GCC_OPTIMIZATION_LEVEL = 0;
				GCC_PREPROCESSOR_DEFINITIONS = (
					"DEBUG=1",
					"$(inherited)",
				);
				GCC_WARN_64_TO_32_BIT_CONVERSION = YES;
				GCC_WARN_ABOUT_RETURN_TYPE = YES_ERROR;
				GCC_WARN_UNDECLARED_SELECTOR = YES;
				GCC_WARN_UNINITIALIZED_AUTOS = YES_AGGRESSIVE;
				GCC_WARN_UNUSED_FUNCTION = YES;
				GCC_WARN_UNUSED_VARIABLE = YES;
				IPHONEOS_DEPLOYMENT_TARGET = 16.4;
				MTL_ENABLE_DEBUG_INFO = INCLUDE_SOURCE;
				MTL_FAST_MATH = YES;
				ONLY_ACTIVE_ARCH = YES;
				SDKROOT = iphoneos;
				SWIFT_ACTIVE_COMPILATION_CONDITIONS = DEBUG;
				SWIFT_OPTIMIZATION_LEVEL = "-Onone";
			};
			name = Debug;
		};
		F66E99DA2BB14629001C3882 /* Release */ = {
			isa = XCBuildConfiguration;
			buildSettings = {
				ALWAYS_SEARCH_USER_PATHS = NO;
				CLANG_ANALYZER_NONNULL = YES;
				CLANG_ANALYZER_NUMBER_OBJECT_CONVERSION = YES_AGGRESSIVE;
				CLANG_CXX_LANGUAGE_STANDARD = "gnu++20";
				CLANG_ENABLE_MODULES = YES;
				CLANG_ENABLE_OBJC_ARC = YES;
				CLANG_ENABLE_OBJC_WEAK = YES;
				CLANG_WARN_BLOCK_CAPTURE_AUTORELEASING = YES;
				CLANG_WARN_BOOL_CONVERSION = YES;
				CLANG_WARN_COMMA = YES;
				CLANG_WARN_CONSTANT_CONVERSION = YES;
				CLANG_WARN_DEPRECATED_OBJC_IMPLEMENTATIONS = YES;
				CLANG_WARN_DIRECT_OBJC_ISA_USAGE = YES_ERROR;
				CLANG_WARN_DOCUMENTATION_COMMENTS = YES;
				CLANG_WARN_EMPTY_BODY = YES;
				CLANG_WARN_ENUM_CONVERSION = YES;
				CLANG_WARN_INFINITE_RECURSION = YES;
				CLANG_WARN_INT_CONVERSION = YES;
				CLANG_WARN_NON_LITERAL_NULL_CONVERSION = YES;
				CLANG_WARN_OBJC_IMPLICIT_RETAIN_SELF = YES;
				CLANG_WARN_OBJC_LITERAL_CONVERSION = YES;
				CLANG_WARN_OBJC_ROOT_CLASS = YES_ERROR;
				CLANG_WARN_QUOTED_INCLUDE_IN_FRAMEWORK_HEADER = YES;
				CLANG_WARN_RANGE_LOOP_ANALYSIS = YES;
				CLANG_WARN_STRICT_PROTOTYPES = YES;
				CLANG_WARN_SUSPICIOUS_MOVE = YES;
				CLANG_WARN_UNGUARDED_AVAILABILITY = YES_AGGRESSIVE;
				CLANG_WARN_UNREACHABLE_CODE = YES;
				CLANG_WARN__DUPLICATE_METHOD_MATCH = YES;
				COPY_PHASE_STRIP = NO;
				DEBUG_INFORMATION_FORMAT = "dwarf-with-dsym";
				ENABLE_NS_ASSERTIONS = NO;
				ENABLE_STRICT_OBJC_MSGSEND = YES;
				GCC_C_LANGUAGE_STANDARD = gnu11;
				GCC_NO_COMMON_BLOCKS = YES;
				GCC_WARN_64_TO_32_BIT_CONVERSION = YES;
				GCC_WARN_ABOUT_RETURN_TYPE = YES_ERROR;
				GCC_WARN_UNDECLARED_SELECTOR = YES;
				GCC_WARN_UNINITIALIZED_AUTOS = YES_AGGRESSIVE;
				GCC_WARN_UNUSED_FUNCTION = YES;
				GCC_WARN_UNUSED_VARIABLE = YES;
				IPHONEOS_DEPLOYMENT_TARGET = 16.4;
				MTL_ENABLE_DEBUG_INFO = NO;
				MTL_FAST_MATH = YES;
				SDKROOT = iphoneos;
				SWIFT_COMPILATION_MODE = wholemodule;
				SWIFT_OPTIMIZATION_LEVEL = "-O";
				VALIDATE_PRODUCT = YES;
			};
			name = Release;
		};
		F66E99DC2BB14629001C3882 /* Debug */ = {
			isa = XCBuildConfiguration;
			buildSettings = {
				ASSETCATALOG_COMPILER_APPICON_NAME = AppIcon;
				ASSETCATALOG_COMPILER_GLOBAL_ACCENT_COLOR_NAME = AccentColor;
				CODE_SIGN_STYLE = Automatic;
				CURRENT_PROJECT_VERSION = 1;
				DEVELOPMENT_ASSET_PATHS = "\"bite/Preview Content\"";
				DEVELOPMENT_TEAM = TE3B97TR3K;
				ENABLE_PREVIEWS = YES;
				GENERATE_INFOPLIST_FILE = YES;
				INFOPLIST_KEY_UIApplicationSceneManifest_Generation = YES;
				INFOPLIST_KEY_UIApplicationSupportsIndirectInputEvents = YES;
				INFOPLIST_KEY_UILaunchScreen_Generation = YES;
				INFOPLIST_KEY_UISupportedInterfaceOrientations_iPad = "UIInterfaceOrientationPortrait UIInterfaceOrientationPortraitUpsideDown UIInterfaceOrientationLandscapeLeft UIInterfaceOrientationLandscapeRight";
				INFOPLIST_KEY_UISupportedInterfaceOrientations_iPhone = "UIInterfaceOrientationPortrait UIInterfaceOrientationLandscapeLeft UIInterfaceOrientationLandscapeRight";
				LD_RUNPATH_SEARCH_PATHS = (
					"$(inherited)",
					"@executable_path/Frameworks",
				);
				MARKETING_VERSION = 1.0;
				PRODUCT_BUNDLE_IDENTIFIER = com.lenawu.bite;
				PRODUCT_NAME = "$(TARGET_NAME)";
				SWIFT_EMIT_LOC_STRINGS = YES;
				SWIFT_VERSION = 5.0;
				TARGETED_DEVICE_FAMILY = "1,2";
			};
			name = Debug;
		};
		F66E99DD2BB14629001C3882 /* Release */ = {
			isa = XCBuildConfiguration;
			buildSettings = {
				ASSETCATALOG_COMPILER_APPICON_NAME = AppIcon;
				ASSETCATALOG_COMPILER_GLOBAL_ACCENT_COLOR_NAME = AccentColor;
				CODE_SIGN_STYLE = Automatic;
				CURRENT_PROJECT_VERSION = 1;
				DEVELOPMENT_ASSET_PATHS = "\"bite/Preview Content\"";
				DEVELOPMENT_TEAM = TE3B97TR3K;
				ENABLE_PREVIEWS = YES;
				GENERATE_INFOPLIST_FILE = YES;
				INFOPLIST_KEY_UIApplicationSceneManifest_Generation = YES;
				INFOPLIST_KEY_UIApplicationSupportsIndirectInputEvents = YES;
				INFOPLIST_KEY_UILaunchScreen_Generation = YES;
				INFOPLIST_KEY_UISupportedInterfaceOrientations_iPad = "UIInterfaceOrientationPortrait UIInterfaceOrientationPortraitUpsideDown UIInterfaceOrientationLandscapeLeft UIInterfaceOrientationLandscapeRight";
				INFOPLIST_KEY_UISupportedInterfaceOrientations_iPhone = "UIInterfaceOrientationPortrait UIInterfaceOrientationLandscapeLeft UIInterfaceOrientationLandscapeRight";
				LD_RUNPATH_SEARCH_PATHS = (
					"$(inherited)",
					"@executable_path/Frameworks",
				);
				MARKETING_VERSION = 1.0;
				PRODUCT_BUNDLE_IDENTIFIER = com.lenawu.bite;
				PRODUCT_NAME = "$(TARGET_NAME)";
				SWIFT_EMIT_LOC_STRINGS = YES;
				SWIFT_VERSION = 5.0;
				TARGETED_DEVICE_FAMILY = "1,2";
			};
			name = Release;
		};
		F66E99DF2BB14629001C3882 /* Debug */ = {
			isa = XCBuildConfiguration;
			buildSettings = {
				ALWAYS_EMBED_SWIFT_STANDARD_LIBRARIES = YES;
				BUNDLE_LOADER = "$(TEST_HOST)";
				CODE_SIGN_STYLE = Automatic;
				CURRENT_PROJECT_VERSION = 1;
				DEVELOPMENT_TEAM = TE3B97TR3K;
				GENERATE_INFOPLIST_FILE = YES;
				IPHONEOS_DEPLOYMENT_TARGET = 16.4;
				MARKETING_VERSION = 1.0;
				PRODUCT_BUNDLE_IDENTIFIER = com.lenawu.biteTests;
				PRODUCT_NAME = "$(TARGET_NAME)";
				SWIFT_EMIT_LOC_STRINGS = NO;
				SWIFT_VERSION = 5.0;
				TARGETED_DEVICE_FAMILY = "1,2";
				TEST_HOST = "$(BUILT_PRODUCTS_DIR)/bite.app/$(BUNDLE_EXECUTABLE_FOLDER_PATH)/bite";
			};
			name = Debug;
		};
		F66E99E02BB14629001C3882 /* Release */ = {
			isa = XCBuildConfiguration;
			buildSettings = {
				ALWAYS_EMBED_SWIFT_STANDARD_LIBRARIES = YES;
				BUNDLE_LOADER = "$(TEST_HOST)";
				CODE_SIGN_STYLE = Automatic;
				CURRENT_PROJECT_VERSION = 1;
				DEVELOPMENT_TEAM = TE3B97TR3K;
				GENERATE_INFOPLIST_FILE = YES;
				IPHONEOS_DEPLOYMENT_TARGET = 16.4;
				MARKETING_VERSION = 1.0;
				PRODUCT_BUNDLE_IDENTIFIER = com.lenawu.biteTests;
				PRODUCT_NAME = "$(TARGET_NAME)";
				SWIFT_EMIT_LOC_STRINGS = NO;
				SWIFT_VERSION = 5.0;
				TARGETED_DEVICE_FAMILY = "1,2";
				TEST_HOST = "$(BUILT_PRODUCTS_DIR)/bite.app/$(BUNDLE_EXECUTABLE_FOLDER_PATH)/bite";
			};
			name = Release;
		};
		F66E99E22BB14629001C3882 /* Debug */ = {
			isa = XCBuildConfiguration;
			buildSettings = {
				ALWAYS_EMBED_SWIFT_STANDARD_LIBRARIES = YES;
				CODE_SIGN_STYLE = Automatic;
				CURRENT_PROJECT_VERSION = 1;
				DEVELOPMENT_TEAM = TE3B97TR3K;
				GENERATE_INFOPLIST_FILE = YES;
				MARKETING_VERSION = 1.0;
				PRODUCT_BUNDLE_IDENTIFIER = com.lenawu.biteUITests;
				PRODUCT_NAME = "$(TARGET_NAME)";
				SWIFT_EMIT_LOC_STRINGS = NO;
				SWIFT_VERSION = 5.0;
				TARGETED_DEVICE_FAMILY = "1,2";
				TEST_TARGET_NAME = bite;
			};
			name = Debug;
		};
		F66E99E32BB14629001C3882 /* Release */ = {
			isa = XCBuildConfiguration;
			buildSettings = {
				ALWAYS_EMBED_SWIFT_STANDARD_LIBRARIES = YES;
				CODE_SIGN_STYLE = Automatic;
				CURRENT_PROJECT_VERSION = 1;
				DEVELOPMENT_TEAM = TE3B97TR3K;
				GENERATE_INFOPLIST_FILE = YES;
				MARKETING_VERSION = 1.0;
				PRODUCT_BUNDLE_IDENTIFIER = com.lenawu.biteUITests;
				PRODUCT_NAME = "$(TARGET_NAME)";
				SWIFT_EMIT_LOC_STRINGS = NO;
				SWIFT_VERSION = 5.0;
				TARGETED_DEVICE_FAMILY = "1,2";
				TEST_TARGET_NAME = bite;
			};
			name = Release;
		};
/* End XCBuildConfiguration section */

/* Begin XCConfigurationList section */
		F66E99B22BB14627001C3882 /* Build configuration list for PBXProject "bite" */ = {
			isa = XCConfigurationList;
			buildConfigurations = (
				F66E99D92BB14629001C3882 /* Debug */,
				F66E99DA2BB14629001C3882 /* Release */,
			);
			defaultConfigurationIsVisible = 0;
			defaultConfigurationName = Release;
		};
		F66E99DB2BB14629001C3882 /* Build configuration list for PBXNativeTarget "bite" */ = {
			isa = XCConfigurationList;
			buildConfigurations = (
				F66E99DC2BB14629001C3882 /* Debug */,
				F66E99DD2BB14629001C3882 /* Release */,
			);
			defaultConfigurationIsVisible = 0;
			defaultConfigurationName = Release;
		};
		F66E99DE2BB14629001C3882 /* Build configuration list for PBXNativeTarget "biteTests" */ = {
			isa = XCConfigurationList;
			buildConfigurations = (
				F66E99DF2BB14629001C3882 /* Debug */,
				F66E99E02BB14629001C3882 /* Release */,
			);
			defaultConfigurationIsVisible = 0;
			defaultConfigurationName = Release;
		};
		F66E99E12BB14629001C3882 /* Build configuration list for PBXNativeTarget "biteUITests" */ = {
			isa = XCConfigurationList;
			buildConfigurations = (
				F66E99E22BB14629001C3882 /* Debug */,
				F66E99E32BB14629001C3882 /* Release */,
			);
			defaultConfigurationIsVisible = 0;
			defaultConfigurationName = Release;
		};
/* End XCConfigurationList section */
	};
	rootObject = F66E99AF2BB14627001C3882 /* Project object */;
}
